{
  "requires": true,
  "lockfileVersion": 1,
  "dependencies": {
    "argparse": {
      "version": "0.1.16",
      "resolved": "https://registry.npmmirror.com/argparse/-/argparse-0.1.16.tgz",
      "integrity": "sha1-z9AeD7uj1srtBJ+9dY1A9lGW9Xw=",
      "requires": {
        "underscore": "~1.7.0",
        "underscore.string": "~2.4.0"
      }
    },
    "autolinker": {
      "version": "0.15.3",
      "resolved": "https://registry.npmmirror.com/autolinker/-/autolinker-0.15.3.tgz",
      "integrity": "sha1-NCQX2PLzRhsUzwkIjV7fh5HcmDI="
    },
    "gitbook-plugin-back-to-top-button": {
      "version": "0.1.4",
      "resolved": "https://registry.npmmirror.com/gitbook-plugin-back-to-top-button/-/gitbook-plugin-back-to-top-button-0.1.4.tgz",
      "integrity": "sha1-5iGDOLDvGdWOb2YAmUNQt26ANd8="
    },
    "gitbook-plugin-chapter-fold": {
      "version": "0.0.4",
      "resolved": "https://registry.npmmirror.com/gitbook-plugin-chapter-fold/-/gitbook-plugin-chapter-fold-0.0.4.tgz",
      "integrity": "sha1-3NWiH4C8vJjAiEGXdMOXrm1EY+8="
    },
    "gitbook-plugin-code": {
      "version": "0.1.0",
      "resolved": "https://registry.npmmirror.com/gitbook-plugin-code/-/gitbook-plugin-code-0.1.0.tgz",
      "integrity": "sha1-gRqWALrvdViuGTzufVgQABZn6Xs="
    },
    "gitbook-plugin-edit-link-plus": {
      "version": "0.1.1",
      "resolved": "https://registry.npmmirror.com/gitbook-plugin-edit-link-plus/-/gitbook-plugin-edit-link-plus-0.1.1.tgz",
      "integrity": "sha1-ZU4a6VL4FAbIjG9916As+YnEkew="
    },
    "gitbook-plugin-expandable-chapters": {
      "version": "0.2.0",
      "resolved": "https://registry.npmmirror.com/gitbook-plugin-expandable-chapters/-/gitbook-plugin-expandable-chapters-0.2.0.tgz",
      "integrity": "sha1-RdcIeuaQekH0gSjFT+ViJKnBraI="
    },
    "gitbook-plugin-expandable-chapters-small": {
      "version": "0.1.7",
      "resolved": "https://registry.npmmirror.com/gitbook-plugin-expandable-chapters-small/-/gitbook-plugin-expandable-chapters-small-0.1.7.tgz",
      "integrity": "sha512-bgmPN6AtXqFXH1q9HgWRHJbx0OXS3nuCU8gLgWEARz8adbFaW0p98NTCX3CaEuYTuU3t/UYWASAjQqI+zpCdng=="
    },
    "gitbook-plugin-github-buttons": {
      "version": "3.0.0",
      "resolved": "https://registry.npmmirror.com/gitbook-plugin-github-buttons/-/gitbook-plugin-github-buttons-3.0.0.tgz",
      "integrity": "sha1-ClfJJmUU/gWbgIRSDTuYRCTba+E="
    },
    "gitbook-plugin-insert-logo": {
      "version": "0.1.5",
      "resolved": "https://registry.npmmirror.com/gitbook-plugin-insert-logo/-/gitbook-plugin-insert-logo-0.1.5.tgz",
      "integrity": "sha1-2q6N2kGiNtVPE5MeVwsmcpVXiFo="
    },
    "gitbook-plugin-page-treeview": {
      "version": "3.0.6",
      "resolved": "https://registry.npmmirror.com/gitbook-plugin-page-treeview/-/gitbook-plugin-page-treeview-3.0.6.tgz",
      "integrity": "sha1-iEEWVE6k1taVCoZEdXeJsfeDR6M=",
      "requires": {
        "marked": "1.2.7",
        "node-html-parser": "1.2.20",
        "remarkable": "1.6.2"
      }
    },
    "gitbook-plugin-popup": {
      "version": "0.0.1",
      "resolved": "https://registry.npmmirror.com/gitbook-plugin-popup/-/gitbook-plugin-popup-0.0.1.tgz",
      "integrity": "sha1-6iOOXiSMNc9Lc9KH3fVw8J3/Yzw="
    },
    "gitbook-plugin-search-plus": {
      "version": "1.0.3",
      "resolved": "https://registry.npmmirror.com/gitbook-plugin-search-plus/-/gitbook-plugin-search-plus-1.0.3.tgz",
      "integrity": "sha1-oy7GCZ5WQTkCJMv3XIx34PiuMVw=",
      "requires": {
        "html-entities": "1.2.0"
      }
    },
    "gitbook-plugin-splitter": {
      "version": "0.0.8",
      "resolved": "https://registry.npmmirror.com/gitbook-plugin-splitter/-/gitbook-plugin-splitter-0.0.8.tgz",
      "integrity": "sha1-8rBRMGD8kma0awQYLk7KHUtx+vw="
    },
    "gitbook-plugin-tbfed-pagefooter": {
      "version": "0.0.1",
      "resolved": "https://registry.npmmirror.com/gitbook-plugin-tbfed-pagefooter/-/gitbook-plugin-tbfed-pagefooter-0.0.1.tgz",
      "integrity": "sha1-Fu54QGLdhQQmTEd+h2X8ScQb7T0=",
      "requires": {
        "moment": "^2.10.6"
      }
    },
    "gitbook-plugin-theme-comscore": {
      "version": "0.0.3",
      "resolved": "https://registry.npmmirror.com/gitbook-plugin-theme-comscore/-/gitbook-plugin-theme-comscore-0.0.3.tgz",
      "integrity": "sha1-miVPpKNxNSkgleQ0TyWSErV4H+0="
    },
    "gitbook-plugin-toggle-chapters": {
      "version": "0.0.3",
      "resolved": "https://registry.npmmirror.com/gitbook-plugin-toggle-chapters/-/gitbook-plugin-toggle-chapters-0.0.3.tgz",
      "integrity": "sha512-JH9sPqsGnsF6iO2QetOPZUBTH6LUBomEx1npilZ5irIrfN8YBVXxsox72X13U3xEH0CupwWNVh+ivVKtnc8cLg=="
    },
    "graceful-fs": {
      "version": "4.2.10",
      "resolved": "https://registry.npmmirror.com/graceful-fs/-/graceful-fs-4.2.10.tgz",
      "integrity": "sha512-9ByhssR2fPVsNZj478qUUbKfmL0+t5BDVyjShtyZZLiK7ZDAArFFfopyOTj0M05wE2tJPisA4iTnnXl2YoPvOA=="
    },
    "he": {
      "version": "1.1.1",
      "resolved": "https://registry.npmmirror.com/he/-/he-1.1.1.tgz",
      "integrity": "sha1-k0EP0hsAlzUVH4howvJx80J+I/0="
    },
    "html-entities": {
      "version": "1.2.0",
      "resolved": "https://registry.npmmirror.com/html-entities/-/html-entities-1.2.0.tgz",
      "integrity": "sha1-QZSMr4XOgv7Tbk5qDtNxpmZDeeI="
    },
    "marked": {
      "version": "1.2.7",
      "resolved": "https://registry.npmmirror.com/marked/-/marked-1.2.7.tgz",
      "integrity": "sha1-bhS1lVgdIxnNzwM6JMqvQUVaAfs="
    },
    "moment": {
      "version": "2.29.3",
      "resolved": "https://registry.npmmirror.com/moment/-/moment-2.29.3.tgz",
      "integrity": "sha1-7dR0EcMiQTmZ96WUDVJt4YPAMfM="
    },
    "node-html-parser": {
      "version": "1.2.20",
      "resolved": "https://registry.npmmirror.com/node-html-parser/-/node-html-parser-1.2.20.tgz",
      "integrity": "sha1-N+nrxifb4/9EbupKyT49JUt8buQ=",
      "requires": {
        "he": "1.1.1"
      }
    },
    "remarkable": {
      "version": "1.6.2",
      "resolved": "https://registry.npmmirror.com/remarkable/-/remarkable-1.6.2.tgz",
      "integrity": "sha1-79kesGVnnogody96LHeGtqt5ndw=",
      "requires": {
        "argparse": "~0.1.15",
        "autolinker": "~0.15.0"
      }
    },
    "underscore": {
      "version": "1.7.0",
      "resolved": "https://registry.npmmirror.com/underscore/-/underscore-1.7.0.tgz",
      "integrity": "sha1-a7rwh3UA02vjTsqlhODbn+8DUgk="
    },
    "underscore.string": {
      "version": "2.4.0",
      "resolved": "https://registry.npmmirror.com/underscore.string/-/underscore.string-2.4.0.tgz",
      "integrity": "sha1-jN2PusTi0uoefi6Al8QvRCKA+Fs="
    }
  }
}
